
Microsoft Visual Studio Solution File, Format Version 12.00
# Visual Studio Version 17
VisualStudioVersion = 17.13.35931.197
MinimumVisualStudioVersion = 10.0.40219.1
Project("{FAE04EC0-301F-11D3-BF4B-00C04F79EFBC}") = "BusinessLayer", "BusinessLayer\BusinessLayer.csproj", "{641FE892-90A4-4BF7-8654-62FA7B8925E1}"
EndProject
Project("{FAE04EC0-301F-11D3-BF4B-00C04F79EFBC}") = "DataLayer", "DataLayer\DataLayer.csproj", "{56200A77-FAF1-44C5-8770-DD42D2E92F70}"
EndProject
Project("{FAE04EC0-301F-11D3-BF4B-00C04F79EFBC}") = "ServiceLayer", "ServiceLayer\ServiceLayer.csproj", "{FECB1197-FD48-4D7D-B223-6D6AC58CA421}"
EndProject
Project("{FAE04EC0-301F-11D3-BF4B-00C04F79EFBC}") = "TestLayer", "TestLayer\TestLayer.csproj", "{56E44321-9F54-477E-B5C5-89232CF994CE}"
EndProject
Global
	GlobalSection(SolutionConfigurationPlatforms) = preSolution
		Debug|Any CPU = Debug|Any CPU
		Release|Any CPU = Release|Any CPU
	EndGlobalSection
	GlobalSection(ProjectConfigurationPlatforms) = postSolution
		{641FE892-90A4-4BF7-8654-62FA7B8925E1}.Debug|Any CPU.ActiveCfg = Debug|Any CPU
		{641FE892-90A4-4BF7-8654-62FA7B8925E1}.Debug|Any CPU.Build.0 = Debug|Any CPU
		{641FE892-90A4-4BF7-8654-62FA7B8925E1}.Release|Any CPU.ActiveCfg = Release|Any CPU
		{641FE892-90A4-4BF7-8654-62FA7B8925E1}.Release|Any CPU.Build.0 = Release|Any CPU
		{56200A77-FAF1-44C5-8770-DD42D2E92F70}.Debug|Any CPU.ActiveCfg = Debug|Any CPU
		{56200A77-FAF1-44C5-8770-DD42D2E92F70}.Debug|Any CPU.Build.0 = Debug|Any CPU
		{56200A77-FAF1-44C5-8770-DD42D2E92F70}.Release|Any CPU.ActiveCfg = Release|Any CPU
		{56200A77-FAF1-44C5-8770-DD42D2E92F70}.Release|Any CPU.Build.0 = Release|Any CPU
		{FECB1197-FD48-4D7D-B223-6D6AC58CA421}.Debug|Any CPU.ActiveCfg = Debug|Any CPU
		{FECB1197-FD48-4D7D-B223-6D6AC58CA421}.Debug|Any CPU.Build.0 = Debug|Any CPU
		{FECB1197-FD48-4D7D-B223-6D6AC58CA421}.Release|Any CPU.ActiveCfg = Release|Any CPU
		{FECB1197-FD48-4D7D-B223-6D6AC58CA421}.Release|Any CPU.Build.0 = Release|Any CPU
		{56E44321-9F54-477E-B5C5-89232CF994CE}.Debug|Any CPU.ActiveCfg = Debug|Any CPU
		{56E44321-9F54-477E-B5C5-89232CF994CE}.Debug|Any CPU.Build.0 = Debug|Any CPU
		{56E44321-9F54-477E-B5C5-89232CF994CE}.Release|Any CPU.ActiveCfg = Release|Any CPU
		{56E44321-9F54-477E-B5C5-89232CF994CE}.Release|Any CPU.Build.0 = Release|Any CPU
	EndGlobalSection
	GlobalSection(SolutionProperties) = preSolution
		HideSolutionNode = FALSE
	EndGlobalSection
	GlobalSection(ExtensibilityGlobals) = postSolution
		SolutionGuid = {4ABFC095-5271-4D54-98A8-37F19D90CBD2}
	EndGlobalSection
EndGlobal
